{
  "nodes": {
    "devour-flake": {
      "flake": false,
      "locked": {
        "lastModified": 1738639461,
        "narHash": "sha256-R7MHvTh5fskzxNLBe9bher+GQBZ8ZHjz75CPQG3fSRI=",
        "owner": "srid",
        "repo": "devour-flake",
        "rev": "9fe4db872c107ea217c13b24527b68d9e4a4c01b",
        "type": "github"
      },
      "original": {
        "owner": "srid",
        "repo": "devour-flake",
        "type": "github"
      }
    },
    "devshell": {
      "inputs": {
        "nixpkgs": [
          "ethereum-nix",
          "nixpkgs"
        ]
      },
      "locked": {
        "lastModified": 1735644329,
        "narHash": "sha256-tO3HrHriyLvipc4xr+Ewtdlo7wM1OjXNjlWRgmM7peY=",
        "owner": "numtide",
        "repo": "devshell",
        "rev": "f7795ede5b02664b57035b3b757876703e2c3eac",
        "type": "github"
      },
      "original": {
        "owner": "numtide",
        "repo": "devshell",
        "type": "github"
      }
    },
    "disko": {
      "inputs": {
        "nixpkgs": [
          "nixpkgs"
        ]
      },
      "locked": {
        "lastModified": 1739841949,
        "narHash": "sha256-lSOXdgW/1zi/SSu7xp71v+55D5Egz8ACv0STkj7fhbs=",
        "owner": "nix-community",
        "repo": "disko",
        "rev": "15dbf8cebd8e2655a883b74547108e089f051bf0",
        "type": "github"
      },
      "original": {
        "owner": "nix-community",
        "repo": "disko",
        "type": "github"
      }
    },
    "ethereum-nix": {
      "inputs": {
        "devour-flake": "devour-flake",
        "devshell": "devshell",
        "fenix": "fenix",
        "flake-compat": "flake-compat",
        "flake-parts": "flake-parts",
        "flake-utils": "flake-utils",
        "foundry-nix": "foundry-nix",
        "lib-extras": "lib-extras",
        "nixpkgs": [
          "nixpkgs-2405"
        ],
        "nixpkgs-2311": [
          "nixpkgs-2311"
        ],
        "nixpkgs-unstable": [
          "nixpkgs-unstable"
        ],
        "systems": "systems",
        "treefmt-nix": "treefmt-nix"
      },
      "locked": {
        "lastModified": 1740131728,
        "narHash": "sha256-Qg+IvBAf3DEI9VbOy2ZZcJ5Sv98C9zxJ5QMuXd91gTQ=",
        "owner": "metacraft-labs",
        "repo": "ethereum.nix",
        "rev": "3b34218a88c25e2e8801e87875b2572155843f32",
        "type": "github"
      },
      "original": {
        "owner": "metacraft-labs",
        "repo": "ethereum.nix",
        "rev": "3b34218a88c25e2e8801e87875b2572155843f32",
        "type": "github"
      }
    },
    "fenix": {
      "inputs": {
        "nixpkgs": [
          "ethereum-nix",
          "nixpkgs-unstable"
        ],
        "rust-analyzer-src": "rust-analyzer-src"
      },
      "locked": {
        "lastModified": 1738650687,
        "narHash": "sha256-1tvCUR1+/F3IT1K4QHTcEO+vsip/P1iluPIttX57Ry8=",
        "owner": "nix-community",
        "repo": "fenix",
        "rev": "37a1f29ebf98fbbac667730edc5dab4ebe2e3954",
        "type": "github"
      },
      "original": {
        "owner": "nix-community",
        "repo": "fenix",
        "type": "github"
      }
    },
    "flake-compat": {
      "locked": {
        "lastModified": 1717312683,
        "narHash": "sha256-FrlieJH50AuvagamEvWMIE6D2OAnERuDboFDYAED/dE=",
        "owner": "nix-community",
        "repo": "flake-compat",
        "rev": "38fd3954cf65ce6faf3d0d45cd26059e059f07ea",
        "type": "github"
      },
      "original": {
        "owner": "nix-community",
        "repo": "flake-compat",
        "type": "github"
      }
    },
    "flake-parts": {
      "inputs": {
        "nixpkgs-lib": [
          "ethereum-nix",
          "nixpkgs"
        ]
      },
      "locked": {
        "lastModified": 1738453229,
        "narHash": "sha256-7H9XgNiGLKN1G1CgRh0vUL4AheZSYzPm+zmZ7vxbJdo=",
        "owner": "hercules-ci",
        "repo": "flake-parts",
        "rev": "32ea77a06711b758da0ad9bd6a844c5740a87abd",
        "type": "github"
      },
      "original": {
        "owner": "hercules-ci",
        "repo": "flake-parts",
        "type": "github"
      }
    },
    "flake-root": {
      "locked": {
        "lastModified": 1692742795,
        "narHash": "sha256-f+Y0YhVCIJ06LemO+3Xx00lIcqQxSKJHXT/yk1RTKxw=",
        "owner": "srid",
        "repo": "flake-root",
        "rev": "d9a70d9c7a5fd7f3258ccf48da9335e9b47c3937",
        "type": "github"
      },
      "original": {
        "owner": "srid",
        "repo": "flake-root",
        "type": "github"
      }
    },
    "flake-utils": {
      "inputs": {
        "systems": [
          "ethereum-nix",
          "systems"
        ]
      },
      "locked": {
        "lastModified": 1731533236,
        "narHash": "sha256-l0KFg5HjrsfsO/JpG+r7fRrqm12kzFHyUHqHCVpMMbI=",
        "owner": "numtide",
        "repo": "flake-utils",
        "rev": "11707dc2f618dd54ca8739b309ec4fc024de578b",
        "type": "github"
      },
      "original": {
        "owner": "numtide",
        "repo": "flake-utils",
        "type": "github"
      }
    },
    "foundry-nix": {
      "inputs": {
        "flake-utils": [
          "ethereum-nix",
          "flake-utils"
        ],
        "nixpkgs": [
          "ethereum-nix",
          "nixpkgs"
        ]
      },
      "locked": {
        "lastModified": 1738660302,
        "narHash": "sha256-aLWyhJx2cO/M3/QLoDBpsObFfjC9e/VEN6HtaI0U6IA=",
        "owner": "shazow",
        "repo": "foundry.nix",
        "rev": "33a209625b9e31227a5f11417e95a3ac7264d811",
        "type": "github"
      },
      "original": {
        "owner": "shazow",
        "ref": "monthly",
        "repo": "foundry.nix",
        "type": "github"
      }
    },
    "lib-extras": {
      "inputs": {
        "devshell": [
          "ethereum-nix",
          "devshell"
        ],
        "flake-parts": [
          "ethereum-nix",
          "flake-parts"
        ],
        "flake-root": "flake-root",
        "nixpkgs": [
          "ethereum-nix",
          "nixpkgs"
        ],
        "treefmt-nix": [
          "ethereum-nix",
          "treefmt-nix"
        ]
      },
      "locked": {
        "lastModified": 1699974671,
        "narHash": "sha256-4EsuPiX4pGEg8ME9ONn8ebY1ZKYLOp9DRCcdTrOj8sY=",
        "owner": "aldoborrero",
        "repo": "lib-extras",
        "rev": "83c8935af27738b8b155e0077522220d81865269",
        "type": "github"
      },
      "original": {
        "owner": "aldoborrero",
        "ref": "v0.2.2",
        "repo": "lib-extras",
        "type": "github"
      }
    },
    "nix-darwin": {
      "inputs": {
        "nixpkgs": [
          "nixpkgs-darwin"
        ]
      },
      "locked": {
        "lastModified": 1739933872,
        "narHash": "sha256-UhuvTR4OrWR+WBaRCZm4YMkvjJhZ1KZo/jRjE41m+Ek=",
        "owner": "LnL7",
        "repo": "nix-darwin",
        "rev": "6ab392f626a19f1122d1955c401286e1b7cf6b53",
        "type": "github"
      },
      "original": {
        "owner": "LnL7",
        "repo": "nix-darwin",
        "type": "github"
      }
    },
    "nixpkgs": {
      "locked": {
        "lastModified": 1740162160,
        "narHash": "sha256-SSYxFhqCOb3aiPb6MmN68yEzBIltfom8IgRz7phHscM=",
        "owner": "NixOS",
        "repo": "nixpkgs",
        "rev": "11415c7ae8539d6292f2928317ee7a8410b28bb9",
        "type": "github"
      },
      "original": {
        "owner": "NixOS",
        "ref": "nixos-24.11",
        "repo": "nixpkgs",
        "type": "github"
      }
    },
    "nixpkgs-2311": {
      "locked": {
        "lastModified": 1720535198,
        "narHash": "sha256-zwVvxrdIzralnSbcpghA92tWu2DV2lwv89xZc8MTrbg=",
        "owner": "NixOS",
        "repo": "nixpkgs",
        "rev": "205fd4226592cc83fd4c0885a3e4c9c400efabb5",
        "type": "github"
      },
      "original": {
        "owner": "NixOS",
        "ref": "nixos-23.11",
        "repo": "nixpkgs",
        "type": "github"
      }
    },
    "nixpkgs-2405": {
      "locked": {
        "lastModified": 1735563628,
        "narHash": "sha256-OnSAY7XDSx7CtDoqNh8jwVwh4xNL/2HaJxGjryLWzX8=",
        "owner": "NixOS",
        "repo": "nixpkgs",
        "rev": "b134951a4c9f3c995fd7be05f3243f8ecd65d798",
        "type": "github"
      },
      "original": {
        "owner": "NixOS",
        "ref": "nixos-24.05",
        "repo": "nixpkgs",
        "type": "github"
      }
    },
    "nixpkgs-darwin": {
      "locked": {
        "lastModified": 1740262732,
        "narHash": "sha256-WR2OskzqD1qG6lh/eHrGw2OxyvuhJ5sUibY3J6RBOhM=",
        "owner": "NixOS",
        "repo": "nixpkgs",
        "rev": "dd647c1bb3e8fc4c9545376bcc5622f7d1957b94",
        "type": "github"
      },
      "original": {
        "owner": "NixOS",
        "ref": "nixpkgs-24.11-darwin",
        "repo": "nixpkgs",
        "type": "github"
      }
    },
    "nixpkgs-unstable": {
      "locked": {
        "lastModified": 1740126099,
        "narHash": "sha256-ozoOtE2hGsqh4XkTJFsrTkNxkRgShxpQxDynaPZUGxk=",
        "owner": "NixOS",
        "repo": "nixpkgs",
        "rev": "32fb99ba93fea2798be0e997ea331dd78167f814",
        "type": "github"
      },
      "original": {
        "owner": "NixOS",
        "ref": "nixos-unstable",
        "repo": "nixpkgs",
        "type": "github"
      }
    },
    "root": {
      "inputs": {
        "disko": "disko",
        "ethereum-nix": "ethereum-nix",
        "nix-darwin": "nix-darwin",
        "nixpkgs": "nixpkgs",
        "nixpkgs-2311": "nixpkgs-2311",
        "nixpkgs-2405": "nixpkgs-2405",
        "nixpkgs-darwin": "nixpkgs-darwin",
        "nixpkgs-unstable": "nixpkgs-unstable"
      }
    },
    "rust-analyzer-src": {
      "flake": false,
      "locked": {
        "lastModified": 1738591430,
        "narHash": "sha256-Q4tPO6rH/q41IZG+NGy/Pjd2RW/bRDVjVjBh9LaVWE4=",
        "owner": "rust-lang",
        "repo": "rust-analyzer",
        "rev": "13c17db07b1201e3c460b4cc0ee49ac4d0ace0e5",
        "type": "github"
      },
      "original": {
        "owner": "rust-lang",
        "ref": "nightly",
        "repo": "rust-analyzer",
        "type": "github"
      }
    },
    "systems": {
      "locked": {
        "lastModified": 1681028828,
        "narHash": "sha256-Vy1rq5AaRuLzOxct8nz4T6wlgyUR7zLU309k9mBC768=",
        "owner": "nix-systems",
        "repo": "default",
        "rev": "da67096a3b9bf56a91d16901293e51ba5b49a27e",
        "type": "github"
      },
      "original": {
        "owner": "nix-systems",
        "repo": "default",
        "type": "github"
      }
    },
    "treefmt-nix": {
      "inputs": {
        "nixpkgs": [
          "ethereum-nix",
          "nixpkgs"
        ]
      },
      "locked": {
        "lastModified": 1738680491,
        "narHash": "sha256-8X7tR3kFGkE7WEF5EXVkt4apgaN85oHZdoTGutCFs6I=",
        "owner": "numtide",
        "repo": "treefmt-nix",
        "rev": "64dbb922d51a42c0ced6a7668ca008dded61c483",
        "type": "github"
      },
      "original": {
        "owner": "numtide",
        "repo": "treefmt-nix",
        "type": "github"
      }
    }
  },
  "root": "root",
  "version": 7
}
